
Microsoft Visual Studio Solution File, Format Version 12.00
# Visual Studio Version 17
VisualStudioVersion = 17.2.32602.215
MinimumVisualStudioVersion = 10.0.40219.1
Project("{FAE04EC0-301F-11D3-BF4B-00C04F79EFBC}") = "PoroDev.RunTime.CurrentDate", "PoroDev.RunTime.CurrentDate\PoroDev.RunTime.CurrentDate.csproj", "{8425F37A-BB1D-4DC8-9DFD-21C1315BC26A}"
EndProject
Global
	GlobalSection(SolutionConfigurationPlatforms) = preSolution
		Debug|Any CPU = Debug|Any CPU
		Release|Any CPU = Release|Any CPU
	EndGlobalSection
	GlobalSection(ProjectConfigurationPlatforms) = postSolution
		{8425F37A-BB1D-4DC8-9DFD-21C1315BC26A}.Debug|Any CPU.ActiveCfg = Debug|Any CPU
		{8425F37A-BB1D-4DC8-9DFD-21C1315BC26A}.Debug|Any CPU.Build.0 = Debug|Any CPU
		{8425F37A-BB1D-4DC8-9DFD-21C1315BC26A}.Release|Any CPU.ActiveCfg = Release|Any CPU
		{8425F37A-BB1D-4DC8-9DFD-21C1315BC26A}.Release|Any CPU.Build.0 = Release|Any CPU
	EndGlobalSection
	GlobalSection(SolutionProperties) = preSolution
		HideSolutionNode = FALSE
	EndGlobalSection
	GlobalSection(ExtensibilityGlobals) = postSolution
		SolutionGuid = {74476A62-3791-4C99-B11E-007C8392DB09}
	EndGlobalSection
EndGlobal
