
Microsoft Visual Studio Solution File, Format Version 12.00
# Visual Studio Version 17
VisualStudioVersion = 17.2.32505.173
MinimumVisualStudioVersion = 10.0.40219.1
Project("{9A19103F-16F7-4668-BE54-9A1E7A4F7556}") = "PoroDev.GatewayAPI", "PoroDev.GatewayAPI\PoroDev.GatewayAPI.csproj", "{AD73231A-2F05-4E47-B90E-0073D5C801B6}"
EndProject
Project("{9A19103F-16F7-4668-BE54-9A1E7A4F7556}") = "PoroDev.Common", "PoroDev.Common\PoroDev.Common.csproj", "{B82E129A-4E74-4CA1-BD34-F0BAA7D2A9A9}"
EndProject
Project("{9A19103F-16F7-4668-BE54-9A1E7A4F7556}") = "PoroDev.UserManagementService", "PoroDev.UserManagementService\PoroDev.UserManagementService.csproj", "{C169C13A-30CF-4602-8A9E-81BB769BD14C}"
EndProject
Project("{9A19103F-16F7-4668-BE54-9A1E7A4F7556}") = "PoroDev.DatabaseService", "PoroDev.DatabaseService\PoroDev.DatabaseService.csproj", "{37FA4342-95A9-4599-B411-ACA3DEC5562E}"
EndProject
Project("{9A19103F-16F7-4668-BE54-9A1E7A4F7556}") = "PoroDev.StorageService", "PoroDev.StorageService\PoroDev.StorageService.csproj", "{1D05E69B-FE80-48E8-BA9F-8B6126673495}"
EndProject
Project("{9A19103F-16F7-4668-BE54-9A1E7A4F7556}") = "PoroDev.Runtime", "PoroDev.Runtime\PoroDev.Runtime.csproj", "{E1E9D5F5-2D5E-4354-9E4F-34187902B17C}"
EndProject
Project("{9A19103F-16F7-4668-BE54-9A1E7A4F7556}") = "PoroDev.EmailSender", "PoroDev.EmailSender\PoroDev.EmailSender.csproj", "{6C9661EA-938A-46B0-BD27-093E59CD9142}"
EndProject
Project("{9A19103F-16F7-4668-BE54-9A1E7A4F7556}") = "PoroDev.SharedSpaceService", "PoroDev.SharedSpaceService\PoroDev.SharedSpaceService.csproj", "{3C452446-8568-4043-88DC-EAC55257A8E1}"
EndProject
Project("{9A19103F-16F7-4668-BE54-9A1E7A4F7556}") = "PoroDev.DashboardService", "PoroDev.DashboardService\PoroDev.DashboardService.csproj", "{651E365E-3209-4173-86F0-F0504F5AEE18}"
EndProject
Project("{9A19103F-16F7-4668-BE54-9A1E7A4F7556}") = "PoroDev.NotificationService", "PoroDev.NotificationService\PoroDev.NotificationService.csproj", "{8E7D2B7F-D1A7-442D-913D-EE8C2D082DCF}"
EndProject
Global
	GlobalSection(SolutionConfigurationPlatforms) = preSolution
		Debug|Any CPU = Debug|Any CPU
		Release|Any CPU = Release|Any CPU
	EndGlobalSection
	GlobalSection(ProjectConfigurationPlatforms) = postSolution
		{AD73231A-2F05-4E47-B90E-0073D5C801B6}.Debug|Any CPU.ActiveCfg = Debug|Any CPU
		{AD73231A-2F05-4E47-B90E-0073D5C801B6}.Debug|Any CPU.Build.0 = Debug|Any CPU
		{AD73231A-2F05-4E47-B90E-0073D5C801B6}.Release|Any CPU.ActiveCfg = Release|Any CPU
		{AD73231A-2F05-4E47-B90E-0073D5C801B6}.Release|Any CPU.Build.0 = Release|Any CPU
		{B82E129A-4E74-4CA1-BD34-F0BAA7D2A9A9}.Debug|Any CPU.ActiveCfg = Debug|Any CPU
		{B82E129A-4E74-4CA1-BD34-F0BAA7D2A9A9}.Debug|Any CPU.Build.0 = Debug|Any CPU
		{B82E129A-4E74-4CA1-BD34-F0BAA7D2A9A9}.Release|Any CPU.ActiveCfg = Release|Any CPU
		{B82E129A-4E74-4CA1-BD34-F0BAA7D2A9A9}.Release|Any CPU.Build.0 = Release|Any CPU
		{C169C13A-30CF-4602-8A9E-81BB769BD14C}.Debug|Any CPU.ActiveCfg = Debug|Any CPU
		{C169C13A-30CF-4602-8A9E-81BB769BD14C}.Debug|Any CPU.Build.0 = Debug|Any CPU
		{C169C13A-30CF-4602-8A9E-81BB769BD14C}.Release|Any CPU.ActiveCfg = Release|Any CPU
		{C169C13A-30CF-4602-8A9E-81BB769BD14C}.Release|Any CPU.Build.0 = Release|Any CPU
		{37FA4342-95A9-4599-B411-ACA3DEC5562E}.Debug|Any CPU.ActiveCfg = Debug|Any CPU
		{37FA4342-95A9-4599-B411-ACA3DEC5562E}.Debug|Any CPU.Build.0 = Debug|Any CPU
		{37FA4342-95A9-4599-B411-ACA3DEC5562E}.Release|Any CPU.ActiveCfg = Release|Any CPU
		{37FA4342-95A9-4599-B411-ACA3DEC5562E}.Release|Any CPU.Build.0 = Release|Any CPU
		{1D05E69B-FE80-48E8-BA9F-8B6126673495}.Debug|Any CPU.ActiveCfg = Debug|Any CPU
		{1D05E69B-FE80-48E8-BA9F-8B6126673495}.Debug|Any CPU.Build.0 = Debug|Any CPU
		{1D05E69B-FE80-48E8-BA9F-8B6126673495}.Release|Any CPU.ActiveCfg = Release|Any CPU
		{1D05E69B-FE80-48E8-BA9F-8B6126673495}.Release|Any CPU.Build.0 = Release|Any CPU
		{E1E9D5F5-2D5E-4354-9E4F-34187902B17C}.Debug|Any CPU.ActiveCfg = Debug|Any CPU
		{E1E9D5F5-2D5E-4354-9E4F-34187902B17C}.Debug|Any CPU.Build.0 = Debug|Any CPU
		{E1E9D5F5-2D5E-4354-9E4F-34187902B17C}.Release|Any CPU.ActiveCfg = Release|Any CPU
		{E1E9D5F5-2D5E-4354-9E4F-34187902B17C}.Release|Any CPU.Build.0 = Release|Any CPU
		{6C9661EA-938A-46B0-BD27-093E59CD9142}.Debug|Any CPU.ActiveCfg = Debug|Any CPU
		{6C9661EA-938A-46B0-BD27-093E59CD9142}.Debug|Any CPU.Build.0 = Debug|Any CPU
		{6C9661EA-938A-46B0-BD27-093E59CD9142}.Release|Any CPU.ActiveCfg = Release|Any CPU
		{6C9661EA-938A-46B0-BD27-093E59CD9142}.Release|Any CPU.Build.0 = Release|Any CPU
		{3C452446-8568-4043-88DC-EAC55257A8E1}.Debug|Any CPU.ActiveCfg = Debug|Any CPU
		{3C452446-8568-4043-88DC-EAC55257A8E1}.Debug|Any CPU.Build.0 = Debug|Any CPU
		{3C452446-8568-4043-88DC-EAC55257A8E1}.Release|Any CPU.ActiveCfg = Release|Any CPU
		{3C452446-8568-4043-88DC-EAC55257A8E1}.Release|Any CPU.Build.0 = Release|Any CPU
		{651E365E-3209-4173-86F0-F0504F5AEE18}.Debug|Any CPU.ActiveCfg = Debug|Any CPU
		{651E365E-3209-4173-86F0-F0504F5AEE18}.Debug|Any CPU.Build.0 = Debug|Any CPU
		{651E365E-3209-4173-86F0-F0504F5AEE18}.Release|Any CPU.ActiveCfg = Release|Any CPU
		{651E365E-3209-4173-86F0-F0504F5AEE18}.Release|Any CPU.Build.0 = Release|Any CPU
		{8E7D2B7F-D1A7-442D-913D-EE8C2D082DCF}.Debug|Any CPU.ActiveCfg = Debug|Any CPU
		{8E7D2B7F-D1A7-442D-913D-EE8C2D082DCF}.Debug|Any CPU.Build.0 = Debug|Any CPU
		{8E7D2B7F-D1A7-442D-913D-EE8C2D082DCF}.Release|Any CPU.ActiveCfg = Release|Any CPU
		{8E7D2B7F-D1A7-442D-913D-EE8C2D082DCF}.Release|Any CPU.Build.0 = Release|Any CPU
	EndGlobalSection
	GlobalSection(SolutionProperties) = preSolution
		HideSolutionNode = FALSE
	EndGlobalSection
	GlobalSection(ExtensibilityGlobals) = postSolution
		SolutionGuid = {52712714-FEF8-436F-8C80-9AEF451D9E4C}
	EndGlobalSection
EndGlobal
